
Microsoft Visual Studio Solution File, Format Version 12.00
# Visual Studio 2013
VisualStudioVersion = 12.0.40302.0
MinimumVisualStudioVersion = 10.0.40219.1
Project("{FAE04EC0-301F-11D3-BF4B-00C04F79EFBC}") = "App10", "App10\App10.csproj", "{01BDF798-2BC6-40FC-A03B-791523C88DEE}"
EndProject
Global
	GlobalSection(SolutionConfigurationPlatforms) = preSolution
		Debug|Any CPU = Debug|Any CPU
		Debug|ARM = Debug|ARM
		Debug|x86 = Debug|x86
		Release|Any CPU = Release|Any CPU
		Release|ARM = Release|ARM
		Release|x86 = Release|x86
	EndGlobalSection
	GlobalSection(ProjectConfigurationPlatforms) = postSolution
		{01BDF798-2BC6-40FC-A03B-791523C88DEE}.Debug|Any CPU.ActiveCfg = Debug|Any CPU
		{01BDF798-2BC6-40FC-A03B-791523C88DEE}.Debug|Any CPU.Build.0 = Debug|Any CPU
		{01BDF798-2BC6-40FC-A03B-791523C88DEE}.Debug|Any CPU.Deploy.0 = Debug|Any CPU
		{01BDF798-2BC6-40FC-A03B-791523C88DEE}.Debug|ARM.ActiveCfg = Debug|ARM
		{01BDF798-2BC6-40FC-A03B-791523C88DEE}.Debug|ARM.Build.0 = Debug|ARM
		{01BDF798-2BC6-40FC-A03B-791523C88DEE}.Debug|ARM.Deploy.0 = Debug|ARM
		{01BDF798-2BC6-40FC-A03B-791523C88DEE}.Debug|x86.ActiveCfg = Debug|x86
		{01BDF798-2BC6-40FC-A03B-791523C88DEE}.Debug|x86.Build.0 = Debug|x86
		{01BDF798-2BC6-40FC-A03B-791523C88DEE}.Debug|x86.Deploy.0 = Debug|x86
		{01BDF798-2BC6-40FC-A03B-791523C88DEE}.Release|Any CPU.ActiveCfg = Release|Any CPU
		{01BDF798-2BC6-40FC-A03B-791523C88DEE}.Release|Any CPU.Build.0 = Release|Any CPU
		{01BDF798-2BC6-40FC-A03B-791523C88DEE}.Release|Any CPU.Deploy.0 = Release|Any CPU
		{01BDF798-2BC6-40FC-A03B-791523C88DEE}.Release|ARM.ActiveCfg = Release|ARM
		{01BDF798-2BC6-40FC-A03B-791523C88DEE}.Release|ARM.Build.0 = Release|ARM
		{01BDF798-2BC6-40FC-A03B-791523C88DEE}.Release|ARM.Deploy.0 = Release|ARM
		{01BDF798-2BC6-40FC-A03B-791523C88DEE}.Release|x86.ActiveCfg = Release|x86
		{01BDF798-2BC6-40FC-A03B-791523C88DEE}.Release|x86.Build.0 = Release|x86
		{01BDF798-2BC6-40FC-A03B-791523C88DEE}.Release|x86.Deploy.0 = Release|x86
	EndGlobalSection
	GlobalSection(SolutionProperties) = preSolution
		HideSolutionNode = FALSE
	EndGlobalSection
EndGlobal
